
Microsoft Visual Studio Solution File, Format Version 12.00
# Visual Studio Version 17
VisualStudioVersion = 17.14.36408.4 d17.14
MinimumVisualStudioVersion = 10.0.40219.1
Project("{FAE04EC0-301F-11D3-BF4B-00C04F79EFBC}") = "PoolProject", "PoolProject.csproj", "{343A97A3-DAB3-446C-9463-0206D265C910}"
EndProject
Global
	GlobalSection(SolutionConfigurationPlatforms) = preSolution
		Debug|Any CPU = Debug|Any CPU
		Release|Any CPU = Release|Any CPU
	EndGlobalSection
	GlobalSection(ProjectConfigurationPlatforms) = postSolution
		{343A97A3-DAB3-446C-9463-0206D265C910}.Debug|Any CPU.ActiveCfg = Debug|Any CPU
		{343A97A3-DAB3-446C-9463-0206D265C910}.Debug|Any CPU.Build.0 = Debug|Any CPU
		{343A97A3-DAB3-446C-9463-0206D265C910}.Release|Any CPU.ActiveCfg = Release|Any CPU
		{343A97A3-DAB3-446C-9463-0206D265C910}.Release|Any CPU.Build.0 = Release|Any CPU
	EndGlobalSection
	GlobalSection(SolutionProperties) = preSolution
		HideSolutionNode = FALSE
	EndGlobalSection
	GlobalSection(ExtensibilityGlobals) = postSolution
		SolutionGuid = {479A5111-F428-420F-B948-311F790D0C24}
	EndGlobalSection
EndGlobal
